
Microsoft Visual Studio Solution File, Format Version 12.00
# Visual Studio Version 17
VisualStudioVersion = 17.11.35312.102
MinimumVisualStudioVersion = 10.0.40219.1
Project("{2150E333-8FDC-42A3-9474-1A3956D46DE8}") = "Task0", "Task0", "{9743C637-8B25-4A81-A1E8-590FBE4D8558}"
EndProject
Project("{FAE04EC0-301F-11D3-BF4B-00C04F79EFBC}") = "Tyuiu.AntonovNS.Sprint1.Task0.V29", "Tyuiu.AntonovNS.Sprint1.Task0.V29\Tyuiu.AntonovNS.Sprint1.Task0.V29.csproj", "{8AA42A7C-514D-43F7-8AC3-62C507BF8740}"
EndProject
Project("{FAE04EC0-301F-11D3-BF4B-00C04F79EFBC}") = "Tyuiu.AntonovNS.Sprint1.Task0.V29.Lib", "Tyuiu.AntonovNS.Sprint1.Task0.V29.Lib\Tyuiu.AntonovNS.Sprint1.Task0.V29.Lib.csproj", "{A2BA6469-05C6-4AB5-80B0-33F972723A60}"
EndProject
Project("{FAE04EC0-301F-11D3-BF4B-00C04F79EFBC}") = "Tyuiu.AntonovNS.Sprint1.Task0.V29.Test", "Tyuiu.AntonovNS.Sprint1.Task0.V29.Test\Tyuiu.AntonovNS.Sprint1.Task0.V29.Test.csproj", "{0DBCBF0D-F457-4E46-8CA5-398881757256}"
EndProject
Project("{2150E333-8FDC-42A3-9474-1A3956D46DE8}") = "Task1", "Task1", "{1FED87BA-CD8A-4DB2-BA18-A29DFDB549A0}"
EndProject
Project("{FAE04EC0-301F-11D3-BF4B-00C04F79EFBC}") = "Tyuiu.AntonovNS.Sprint1.Task1.V26", "Tyuiu.AntonovNS.Sprint1.Task1.V26\Tyuiu.AntonovNS.Sprint1.Task1.V26.csproj", "{14B872ED-2F37-4DE0-807D-40399FE777EF}"
EndProject
Project("{FAE04EC0-301F-11D3-BF4B-00C04F79EFBC}") = "Tyuiu.AntonovNS.Sprint1.Task1.V26.Lib", "Tyuiu.AntonovNS.Sprint1.Task1.V26.Lib\Tyuiu.AntonovNS.Sprint1.Task1.V26.Lib.csproj", "{8D625C52-D88B-46B0-BEF8-F4FFC2E64C30}"
EndProject
Project("{FAE04EC0-301F-11D3-BF4B-00C04F79EFBC}") = "Tyuiu.AntonovNS.Sprint1.Task1.V26.Test", "Tyuiu.AntonovNS.Sprint1.Task1.V26.Test\Tyuiu.AntonovNS.Sprint1.Task1.V26.Test.csproj", "{DB298E44-3EA9-4BDC-89A4-C4342D35A1CB}"
EndProject
Project("{2150E333-8FDC-42A3-9474-1A3956D46DE8}") = "Task2", "Task2", "{4AB88FCE-F345-4A6A-906A-153ACEE5346A}"
EndProject
Project("{FAE04EC0-301F-11D3-BF4B-00C04F79EFBC}") = "Tyuiu.AntonovNS.Sprint1.Task2.V21", "Tyuiu.AntonovNS.Sprint1.Task2.V21\Tyuiu.AntonovNS.Sprint1.Task2.V21.csproj", "{AAE99F17-CA3D-4751-8284-7F314F77F434}"
EndProject
Project("{FAE04EC0-301F-11D3-BF4B-00C04F79EFBC}") = "Tyuiu.AntonovNS.Sprint1.Task2.V21.Test", "Tyuiu.AntonovNS.Sprint1.Task2.V21.Test\Tyuiu.AntonovNS.Sprint1.Task2.V21.Test.csproj", "{29BDC46F-0921-4982-9BAE-7220E6551E3F}"
EndProject
Project("{FAE04EC0-301F-11D3-BF4B-00C04F79EFBC}") = "Tyuiu.AntonovNS.Sprint1.Task2.V21.Lib", "Tyuiu.AntonovNS.Sprint1.Task2.V21.Lib\Tyuiu.AntonovNS.Sprint1.Task2.V21.Lib.csproj", "{B37A424E-B172-4604-99C7-6112199F945F}"
EndProject
Project("{2150E333-8FDC-42A3-9474-1A3956D46DE8}") = "Task3", "Task3", "{522F96C1-ABF8-4182-90CD-20D29D5994B1}"
EndProject
Project("{FAE04EC0-301F-11D3-BF4B-00C04F79EFBC}") = "Tyuiu.AntonovNS.Sprint1.Task3.V15", "Tyuiu.AntonovNS.Sprint1.Task3.V15\Tyuiu.AntonovNS.Sprint1.Task3.V15.csproj", "{19F6F4C9-F883-4725-9CB4-49AA157A39C2}"
EndProject
Project("{FAE04EC0-301F-11D3-BF4B-00C04F79EFBC}") = "Tyuiu.AntonovNS.Sprint1.Task3.V15.Lib", "Tyuiu.AntonovNS.Sprint1.Task3.V15.Lib\Tyuiu.AntonovNS.Sprint1.Task3.V15.Lib.csproj", "{AFE9984D-840E-40D8-BA6D-4FFCD25A45FD}"
EndProject
Project("{FAE04EC0-301F-11D3-BF4B-00C04F79EFBC}") = "Tyuiu.AntonovNS.Sprint1.Task3.V15.Test", "Tyuiu.AntonovNS.Sprint1.Task3.V15.Test\Tyuiu.AntonovNS.Sprint1.Task3.V15.Test.csproj", "{CF7C28D2-E6E3-405C-8C35-C84C97FBC68F}"
EndProject
Project("{2150E333-8FDC-42A3-9474-1A3956D46DE8}") = "Task4", "Task4", "{5842BA06-BB0E-4699-AAD2-0E0AC82B132E}"
EndProject
Project("{FAE04EC0-301F-11D3-BF4B-00C04F79EFBC}") = "Tyuiu.AntonovNS.Sprint1.Task4.V28", "Tyuiu.AntonovNS.Sprint1.Task4.V28\Tyuiu.AntonovNS.Sprint1.Task4.V28.csproj", "{0E8B1E92-110F-4940-B110-AA531397548E}"
EndProject
Project("{FAE04EC0-301F-11D3-BF4B-00C04F79EFBC}") = "Tyuiu.AntonovNS.Sprint1.Task4.V28.Test", "Tyuiu.AntonovNS.Sprint1.Task4.V28.Test\Tyuiu.AntonovNS.Sprint1.Task4.V28.Test.csproj", "{D9518388-3F36-4030-B595-4A7583CCA82E}"
EndProject
Project("{FAE04EC0-301F-11D3-BF4B-00C04F79EFBC}") = "Tyuiu.AntonovNS.Sprint1.Task4.V28.Lib", "Tyuiu.AntonovNS.Sprint1.Task4.V28.Lib\Tyuiu.AntonovNS.Sprint1.Task4.V28.Lib.csproj", "{988DD784-4C44-450E-ADEB-071D938A6BFD}"
EndProject
Project("{2150E333-8FDC-42A3-9474-1A3956D46DE8}") = "Task5", "Task5", "{E3500F69-DCCC-4837-B222-19D139AEE598}"
EndProject
Project("{FAE04EC0-301F-11D3-BF4B-00C04F79EFBC}") = "Tyuiu.AntonovNS.Sprint1.Task5.V2", "Tyuiu.AntonovNS.Sprint1.Task5.V2\Tyuiu.AntonovNS.Sprint1.Task5.V2.csproj", "{54F956AD-85D4-47E4-BF17-548173BE4BF3}"
EndProject
Project("{FAE04EC0-301F-11D3-BF4B-00C04F79EFBC}") = "Tyuiu.AntonovNS.Sprint1.Task5.V2.Lib", "Tyuiu.AntonovNS.Sprint1.Task5.V2.Lib\Tyuiu.AntonovNS.Sprint1.Task5.V2.Lib.csproj", "{17808B44-B253-40B2-8072-DBF5EF472733}"
EndProject
Project("{FAE04EC0-301F-11D3-BF4B-00C04F79EFBC}") = "Tyuiu.AntonovNS.Sprint1.Task5.V2.Test", "Tyuiu.AntonovNS.Sprint1.Task5.V2.Test\Tyuiu.AntonovNS.Sprint1.Task5.V2.Test.csproj", "{11662D0C-722D-443D-845B-CBC7A3D1BEF7}"
EndProject
Global
	GlobalSection(SolutionConfigurationPlatforms) = preSolution
		Debug|Any CPU = Debug|Any CPU
		Release|Any CPU = Release|Any CPU
	EndGlobalSection
	GlobalSection(ProjectConfigurationPlatforms) = postSolution
		{8AA42A7C-514D-43F7-8AC3-62C507BF8740}.Debug|Any CPU.ActiveCfg = Debug|Any CPU
		{8AA42A7C-514D-43F7-8AC3-62C507BF8740}.Debug|Any CPU.Build.0 = Debug|Any CPU
		{8AA42A7C-514D-43F7-8AC3-62C507BF8740}.Release|Any CPU.ActiveCfg = Release|Any CPU
		{8AA42A7C-514D-43F7-8AC3-62C507BF8740}.Release|Any CPU.Build.0 = Release|Any CPU
		{A2BA6469-05C6-4AB5-80B0-33F972723A60}.Debug|Any CPU.ActiveCfg = Debug|Any CPU
		{A2BA6469-05C6-4AB5-80B0-33F972723A60}.Debug|Any CPU.Build.0 = Debug|Any CPU
		{A2BA6469-05C6-4AB5-80B0-33F972723A60}.Release|Any CPU.ActiveCfg = Release|Any CPU
		{A2BA6469-05C6-4AB5-80B0-33F972723A60}.Release|Any CPU.Build.0 = Release|Any CPU
		{0DBCBF0D-F457-4E46-8CA5-398881757256}.Debug|Any CPU.ActiveCfg = Debug|Any CPU
		{0DBCBF0D-F457-4E46-8CA5-398881757256}.Debug|Any CPU.Build.0 = Debug|Any CPU
		{0DBCBF0D-F457-4E46-8CA5-398881757256}.Release|Any CPU.ActiveCfg = Release|Any CPU
		{0DBCBF0D-F457-4E46-8CA5-398881757256}.Release|Any CPU.Build.0 = Release|Any CPU
		{14B872ED-2F37-4DE0-807D-40399FE777EF}.Debug|Any CPU.ActiveCfg = Debug|Any CPU
		{14B872ED-2F37-4DE0-807D-40399FE777EF}.Debug|Any CPU.Build.0 = Debug|Any CPU
		{14B872ED-2F37-4DE0-807D-40399FE777EF}.Release|Any CPU.ActiveCfg = Release|Any CPU
		{14B872ED-2F37-4DE0-807D-40399FE777EF}.Release|Any CPU.Build.0 = Release|Any CPU
		{8D625C52-D88B-46B0-BEF8-F4FFC2E64C30}.Debug|Any CPU.ActiveCfg = Debug|Any CPU
		{8D625C52-D88B-46B0-BEF8-F4FFC2E64C30}.Debug|Any CPU.Build.0 = Debug|Any CPU
		{8D625C52-D88B-46B0-BEF8-F4FFC2E64C30}.Release|Any CPU.ActiveCfg = Release|Any CPU
		{8D625C52-D88B-46B0-BEF8-F4FFC2E64C30}.Release|Any CPU.Build.0 = Release|Any CPU
		{DB298E44-3EA9-4BDC-89A4-C4342D35A1CB}.Debug|Any CPU.ActiveCfg = Debug|Any CPU
		{DB298E44-3EA9-4BDC-89A4-C4342D35A1CB}.Debug|Any CPU.Build.0 = Debug|Any CPU
		{DB298E44-3EA9-4BDC-89A4-C4342D35A1CB}.Release|Any CPU.ActiveCfg = Release|Any CPU
		{DB298E44-3EA9-4BDC-89A4-C4342D35A1CB}.Release|Any CPU.Build.0 = Release|Any CPU
		{AAE99F17-CA3D-4751-8284-7F314F77F434}.Debug|Any CPU.ActiveCfg = Debug|Any CPU
		{AAE99F17-CA3D-4751-8284-7F314F77F434}.Debug|Any CPU.Build.0 = Debug|Any CPU
		{AAE99F17-CA3D-4751-8284-7F314F77F434}.Release|Any CPU.ActiveCfg = Release|Any CPU
		{AAE99F17-CA3D-4751-8284-7F314F77F434}.Release|Any CPU.Build.0 = Release|Any CPU
		{29BDC46F-0921-4982-9BAE-7220E6551E3F}.Debug|Any CPU.ActiveCfg = Debug|Any CPU
		{29BDC46F-0921-4982-9BAE-7220E6551E3F}.Debug|Any CPU.Build.0 = Debug|Any CPU
		{29BDC46F-0921-4982-9BAE-7220E6551E3F}.Release|Any CPU.ActiveCfg = Release|Any CPU
		{29BDC46F-0921-4982-9BAE-7220E6551E3F}.Release|Any CPU.Build.0 = Release|Any CPU
		{B37A424E-B172-4604-99C7-6112199F945F}.Debug|Any CPU.ActiveCfg = Debug|Any CPU
		{B37A424E-B172-4604-99C7-6112199F945F}.Debug|Any CPU.Build.0 = Debug|Any CPU
		{B37A424E-B172-4604-99C7-6112199F945F}.Release|Any CPU.ActiveCfg = Release|Any CPU
		{B37A424E-B172-4604-99C7-6112199F945F}.Release|Any CPU.Build.0 = Release|Any CPU
		{19F6F4C9-F883-4725-9CB4-49AA157A39C2}.Debug|Any CPU.ActiveCfg = Debug|Any CPU
		{19F6F4C9-F883-4725-9CB4-49AA157A39C2}.Debug|Any CPU.Build.0 = Debug|Any CPU
		{19F6F4C9-F883-4725-9CB4-49AA157A39C2}.Release|Any CPU.ActiveCfg = Release|Any CPU
		{19F6F4C9-F883-4725-9CB4-49AA157A39C2}.Release|Any CPU.Build.0 = Release|Any CPU
		{AFE9984D-840E-40D8-BA6D-4FFCD25A45FD}.Debug|Any CPU.ActiveCfg = Debug|Any CPU
		{AFE9984D-840E-40D8-BA6D-4FFCD25A45FD}.Debug|Any CPU.Build.0 = Debug|Any CPU
		{AFE9984D-840E-40D8-BA6D-4FFCD25A45FD}.Release|Any CPU.ActiveCfg = Release|Any CPU
		{AFE9984D-840E-40D8-BA6D-4FFCD25A45FD}.Release|Any CPU.Build.0 = Release|Any CPU
		{CF7C28D2-E6E3-405C-8C35-C84C97FBC68F}.Debug|Any CPU.ActiveCfg = Debug|Any CPU
		{CF7C28D2-E6E3-405C-8C35-C84C97FBC68F}.Debug|Any CPU.Build.0 = Debug|Any CPU
		{CF7C28D2-E6E3-405C-8C35-C84C97FBC68F}.Release|Any CPU.ActiveCfg = Release|Any CPU
		{CF7C28D2-E6E3-405C-8C35-C84C97FBC68F}.Release|Any CPU.Build.0 = Release|Any CPU
		{0E8B1E92-110F-4940-B110-AA531397548E}.Debug|Any CPU.ActiveCfg = Debug|Any CPU
		{0E8B1E92-110F-4940-B110-AA531397548E}.Debug|Any CPU.Build.0 = Debug|Any CPU
		{0E8B1E92-110F-4940-B110-AA531397548E}.Release|Any CPU.ActiveCfg = Release|Any CPU
		{0E8B1E92-110F-4940-B110-AA531397548E}.Release|Any CPU.Build.0 = Release|Any CPU
		{D9518388-3F36-4030-B595-4A7583CCA82E}.Debug|Any CPU.ActiveCfg = Debug|Any CPU
		{D9518388-3F36-4030-B595-4A7583CCA82E}.Debug|Any CPU.Build.0 = Debug|Any CPU
		{D9518388-3F36-4030-B595-4A7583CCA82E}.Release|Any CPU.ActiveCfg = Release|Any CPU
		{D9518388-3F36-4030-B595-4A7583CCA82E}.Release|Any CPU.Build.0 = Release|Any CPU
		{988DD784-4C44-450E-ADEB-071D938A6BFD}.Debug|Any CPU.ActiveCfg = Debug|Any CPU
		{988DD784-4C44-450E-ADEB-071D938A6BFD}.Debug|Any CPU.Build.0 = Debug|Any CPU
		{988DD784-4C44-450E-ADEB-071D938A6BFD}.Release|Any CPU.ActiveCfg = Release|Any CPU
		{988DD784-4C44-450E-ADEB-071D938A6BFD}.Release|Any CPU.Build.0 = Release|Any CPU
		{54F956AD-85D4-47E4-BF17-548173BE4BF3}.Debug|Any CPU.ActiveCfg = Debug|Any CPU
		{54F956AD-85D4-47E4-BF17-548173BE4BF3}.Debug|Any CPU.Build.0 = Debug|Any CPU
		{54F956AD-85D4-47E4-BF17-548173BE4BF3}.Release|Any CPU.ActiveCfg = Release|Any CPU
		{54F956AD-85D4-47E4-BF17-548173BE4BF3}.Release|Any CPU.Build.0 = Release|Any CPU
		{17808B44-B253-40B2-8072-DBF5EF472733}.Debug|Any CPU.ActiveCfg = Debug|Any CPU
		{17808B44-B253-40B2-8072-DBF5EF472733}.Debug|Any CPU.Build.0 = Debug|Any CPU
		{17808B44-B253-40B2-8072-DBF5EF472733}.Release|Any CPU.ActiveCfg = Release|Any CPU
		{17808B44-B253-40B2-8072-DBF5EF472733}.Release|Any CPU.Build.0 = Release|Any CPU
		{11662D0C-722D-443D-845B-CBC7A3D1BEF7}.Debug|Any CPU.ActiveCfg = Debug|Any CPU
		{11662D0C-722D-443D-845B-CBC7A3D1BEF7}.Debug|Any CPU.Build.0 = Debug|Any CPU
		{11662D0C-722D-443D-845B-CBC7A3D1BEF7}.Release|Any CPU.ActiveCfg = Release|Any CPU
		{11662D0C-722D-443D-845B-CBC7A3D1BEF7}.Release|Any CPU.Build.0 = Release|Any CPU
	EndGlobalSection
	GlobalSection(SolutionProperties) = preSolution
		HideSolutionNode = FALSE
	EndGlobalSection
	GlobalSection(NestedProjects) = preSolution
		{8AA42A7C-514D-43F7-8AC3-62C507BF8740} = {9743C637-8B25-4A81-A1E8-590FBE4D8558}
		{A2BA6469-05C6-4AB5-80B0-33F972723A60} = {9743C637-8B25-4A81-A1E8-590FBE4D8558}
		{0DBCBF0D-F457-4E46-8CA5-398881757256} = {9743C637-8B25-4A81-A1E8-590FBE4D8558}
		{14B872ED-2F37-4DE0-807D-40399FE777EF} = {1FED87BA-CD8A-4DB2-BA18-A29DFDB549A0}
		{8D625C52-D88B-46B0-BEF8-F4FFC2E64C30} = {1FED87BA-CD8A-4DB2-BA18-A29DFDB549A0}
		{DB298E44-3EA9-4BDC-89A4-C4342D35A1CB} = {1FED87BA-CD8A-4DB2-BA18-A29DFDB549A0}
		{AAE99F17-CA3D-4751-8284-7F314F77F434} = {4AB88FCE-F345-4A6A-906A-153ACEE5346A}
		{29BDC46F-0921-4982-9BAE-7220E6551E3F} = {4AB88FCE-F345-4A6A-906A-153ACEE5346A}
		{B37A424E-B172-4604-99C7-6112199F945F} = {4AB88FCE-F345-4A6A-906A-153ACEE5346A}
		{19F6F4C9-F883-4725-9CB4-49AA157A39C2} = {522F96C1-ABF8-4182-90CD-20D29D5994B1}
		{AFE9984D-840E-40D8-BA6D-4FFCD25A45FD} = {522F96C1-ABF8-4182-90CD-20D29D5994B1}
		{CF7C28D2-E6E3-405C-8C35-C84C97FBC68F} = {522F96C1-ABF8-4182-90CD-20D29D5994B1}
		{0E8B1E92-110F-4940-B110-AA531397548E} = {5842BA06-BB0E-4699-AAD2-0E0AC82B132E}
		{D9518388-3F36-4030-B595-4A7583CCA82E} = {5842BA06-BB0E-4699-AAD2-0E0AC82B132E}
		{988DD784-4C44-450E-ADEB-071D938A6BFD} = {5842BA06-BB0E-4699-AAD2-0E0AC82B132E}
		{54F956AD-85D4-47E4-BF17-548173BE4BF3} = {E3500F69-DCCC-4837-B222-19D139AEE598}
		{17808B44-B253-40B2-8072-DBF5EF472733} = {E3500F69-DCCC-4837-B222-19D139AEE598}
		{11662D0C-722D-443D-845B-CBC7A3D1BEF7} = {E3500F69-DCCC-4837-B222-19D139AEE598}
	EndGlobalSection
	GlobalSection(ExtensibilityGlobals) = postSolution
		SolutionGuid = {9BC31427-8402-4F2B-9581-EA9E9BAF7C3D}
	EndGlobalSection
EndGlobal
